
Microsoft Visual Studio Solution File, Format Version 12.00
# Visual Studio 15
VisualStudioVersion = 15.0.26124.0
MinimumVisualStudioVersion = 15.0.26124.0
Project("{FAE04EC0-301F-11D3-BF4B-00C04F79EFBC}") = "DIKUArcade", "DIKUArcade\DIKUArcade.csproj", "{84EF205C-BB54-49B8-A145-C92C1D26187F}"
EndProject
Project("{FAE04EC0-301F-11D3-BF4B-00C04F79EFBC}") = "DIKUArcadeUnitTests", "DIKUArcadeUnitTests\DIKUArcadeUnitTests.csproj", "{F4BE4EEB-6DDB-4868-BB25-3989B70272AF}"
EndProject
Global
	GlobalSection(SolutionConfigurationPlatforms) = preSolution
		Debug|Any CPU = Debug|Any CPU
		Debug|x64 = Debug|x64
		Debug|x86 = Debug|x86
		Release|Any CPU = Release|Any CPU
		Release|x64 = Release|x64
		Release|x86 = Release|x86
	EndGlobalSection
	GlobalSection(SolutionProperties) = preSolution
		HideSolutionNode = FALSE
	EndGlobalSection
	GlobalSection(ProjectConfigurationPlatforms) = postSolution
		{D91D9D90-29A4-4CBF-94AB-596334665663}.Debug|Any CPU.ActiveCfg = Debug|Any CPU
		{D91D9D90-29A4-4CBF-94AB-596334665663}.Debug|Any CPU.Build.0 = Debug|Any CPU
		{D91D9D90-29A4-4CBF-94AB-596334665663}.Debug|x64.ActiveCfg = Debug|Any CPU
		{D91D9D90-29A4-4CBF-94AB-596334665663}.Debug|x64.Build.0 = Debug|Any CPU
		{D91D9D90-29A4-4CBF-94AB-596334665663}.Debug|x86.ActiveCfg = Debug|Any CPU
		{D91D9D90-29A4-4CBF-94AB-596334665663}.Debug|x86.Build.0 = Debug|Any CPU
		{D91D9D90-29A4-4CBF-94AB-596334665663}.Release|Any CPU.ActiveCfg = Release|Any CPU
		{D91D9D90-29A4-4CBF-94AB-596334665663}.Release|Any CPU.Build.0 = Release|Any CPU
		{D91D9D90-29A4-4CBF-94AB-596334665663}.Release|x64.ActiveCfg = Release|Any CPU
		{D91D9D90-29A4-4CBF-94AB-596334665663}.Release|x64.Build.0 = Release|Any CPU
		{D91D9D90-29A4-4CBF-94AB-596334665663}.Release|x86.ActiveCfg = Release|Any CPU
		{D91D9D90-29A4-4CBF-94AB-596334665663}.Release|x86.Build.0 = Release|Any CPU
		{84EF205C-BB54-49B8-A145-C92C1D26187F}.Debug|Any CPU.ActiveCfg = Debug|Any CPU
		{84EF205C-BB54-49B8-A145-C92C1D26187F}.Debug|Any CPU.Build.0 = Debug|Any CPU
		{84EF205C-BB54-49B8-A145-C92C1D26187F}.Debug|x64.ActiveCfg = Debug|Any CPU
		{84EF205C-BB54-49B8-A145-C92C1D26187F}.Debug|x64.Build.0 = Debug|Any CPU
		{84EF205C-BB54-49B8-A145-C92C1D26187F}.Debug|x86.ActiveCfg = Debug|Any CPU
		{84EF205C-BB54-49B8-A145-C92C1D26187F}.Debug|x86.Build.0 = Debug|Any CPU
		{84EF205C-BB54-49B8-A145-C92C1D26187F}.Release|Any CPU.ActiveCfg = Release|Any CPU
		{84EF205C-BB54-49B8-A145-C92C1D26187F}.Release|Any CPU.Build.0 = Release|Any CPU
		{84EF205C-BB54-49B8-A145-C92C1D26187F}.Release|x64.ActiveCfg = Release|Any CPU
		{84EF205C-BB54-49B8-A145-C92C1D26187F}.Release|x64.Build.0 = Release|Any CPU
		{84EF205C-BB54-49B8-A145-C92C1D26187F}.Release|x86.ActiveCfg = Release|Any CPU
		{84EF205C-BB54-49B8-A145-C92C1D26187F}.Release|x86.Build.0 = Release|Any CPU
		{F4BE4EEB-6DDB-4868-BB25-3989B70272AF}.Debug|Any CPU.ActiveCfg = Debug|Any CPU
		{F4BE4EEB-6DDB-4868-BB25-3989B70272AF}.Debug|Any CPU.Build.0 = Debug|Any CPU
		{F4BE4EEB-6DDB-4868-BB25-3989B70272AF}.Debug|x64.ActiveCfg = Debug|Any CPU
		{F4BE4EEB-6DDB-4868-BB25-3989B70272AF}.Debug|x64.Build.0 = Debug|Any CPU
		{F4BE4EEB-6DDB-4868-BB25-3989B70272AF}.Debug|x86.ActiveCfg = Debug|Any CPU
		{F4BE4EEB-6DDB-4868-BB25-3989B70272AF}.Debug|x86.Build.0 = Debug|Any CPU
		{F4BE4EEB-6DDB-4868-BB25-3989B70272AF}.Release|Any CPU.ActiveCfg = Release|Any CPU
		{F4BE4EEB-6DDB-4868-BB25-3989B70272AF}.Release|Any CPU.Build.0 = Release|Any CPU
		{F4BE4EEB-6DDB-4868-BB25-3989B70272AF}.Release|x64.ActiveCfg = Release|Any CPU
		{F4BE4EEB-6DDB-4868-BB25-3989B70272AF}.Release|x64.Build.0 = Release|Any CPU
		{F4BE4EEB-6DDB-4868-BB25-3989B70272AF}.Release|x86.ActiveCfg = Release|Any CPU
		{F4BE4EEB-6DDB-4868-BB25-3989B70272AF}.Release|x86.Build.0 = Release|Any CPU
	EndGlobalSection
EndGlobal
